
Microsoft Visual Studio Solution File, Format Version 12.00
# Visual Studio 15
VisualStudioVersion = 15.0.27130.2010
MinimumVisualStudioVersion = 10.0.40219.1
Project("{9A19103F-16F7-4668-BE54-9A1E7A4F7556}") = "Hydra.Such.Portal", "Hydra.Such.Portal\Hydra.Such.Portal.csproj", "{B0405C3F-DBAD-460A-B32C-4D8B6375FF4C}"
EndProject
Project("{9A19103F-16F7-4668-BE54-9A1E7A4F7556}") = "Hydra.Such.Data", "Hydra.Such.Data\Hydra.Such.Data.csproj", "{EC7EFC8A-2D27-4CA6-9C2C-9B17DBD1229D}"
EndProject
Project("{9A19103F-16F7-4668-BE54-9A1E7A4F7556}") = "Hydra.Such.Tester", "Hydra.Such.Tester\Hydra.Such.Tester.csproj", "{0A0EE102-174F-48B2-847D-66668C54337A}"
EndProject
Project("{F14B399A-7131-4C87-9E4B-1186C45EF12D}") = "Hydra.Such.Reports", "Hydra.Such.Reports\Hydra.Such.Reports.rptproj", "{9B5E479C-389A-4806-8934-03111BCE6152}"
EndProject
Global
	GlobalSection(SolutionConfigurationPlatforms) = preSolution
		Debug|Any CPU = Debug|Any CPU
		DebugLocal|Any CPU = DebugLocal|Any CPU
		Release|Any CPU = Release|Any CPU
	EndGlobalSection
	GlobalSection(ProjectConfigurationPlatforms) = postSolution
		{B0405C3F-DBAD-460A-B32C-4D8B6375FF4C}.Debug|Any CPU.ActiveCfg = Debug|Any CPU
		{B0405C3F-DBAD-460A-B32C-4D8B6375FF4C}.Debug|Any CPU.Build.0 = Debug|Any CPU
		{B0405C3F-DBAD-460A-B32C-4D8B6375FF4C}.DebugLocal|Any CPU.ActiveCfg = Debug|Any CPU
		{B0405C3F-DBAD-460A-B32C-4D8B6375FF4C}.DebugLocal|Any CPU.Build.0 = Debug|Any CPU
		{B0405C3F-DBAD-460A-B32C-4D8B6375FF4C}.Release|Any CPU.ActiveCfg = Release|Any CPU
		{B0405C3F-DBAD-460A-B32C-4D8B6375FF4C}.Release|Any CPU.Build.0 = Release|Any CPU
		{EC7EFC8A-2D27-4CA6-9C2C-9B17DBD1229D}.Debug|Any CPU.ActiveCfg = Debug|Any CPU
		{EC7EFC8A-2D27-4CA6-9C2C-9B17DBD1229D}.Debug|Any CPU.Build.0 = Debug|Any CPU
		{EC7EFC8A-2D27-4CA6-9C2C-9B17DBD1229D}.DebugLocal|Any CPU.ActiveCfg = Debug|Any CPU
		{EC7EFC8A-2D27-4CA6-9C2C-9B17DBD1229D}.DebugLocal|Any CPU.Build.0 = Debug|Any CPU
		{EC7EFC8A-2D27-4CA6-9C2C-9B17DBD1229D}.Release|Any CPU.ActiveCfg = Release|Any CPU
		{EC7EFC8A-2D27-4CA6-9C2C-9B17DBD1229D}.Release|Any CPU.Build.0 = Release|Any CPU
		{0A0EE102-174F-48B2-847D-66668C54337A}.Debug|Any CPU.ActiveCfg = Debug|Any CPU
		{0A0EE102-174F-48B2-847D-66668C54337A}.Debug|Any CPU.Build.0 = Debug|Any CPU
		{0A0EE102-174F-48B2-847D-66668C54337A}.DebugLocal|Any CPU.ActiveCfg = Debug|Any CPU
		{0A0EE102-174F-48B2-847D-66668C54337A}.DebugLocal|Any CPU.Build.0 = Debug|Any CPU
		{0A0EE102-174F-48B2-847D-66668C54337A}.Release|Any CPU.ActiveCfg = Release|Any CPU
		{0A0EE102-174F-48B2-847D-66668C54337A}.Release|Any CPU.Build.0 = Release|Any CPU
		{9B5E479C-389A-4806-8934-03111BCE6152}.Debug|Any CPU.ActiveCfg = Debug
		{9B5E479C-389A-4806-8934-03111BCE6152}.Debug|Any CPU.Build.0 = Debug
		{9B5E479C-389A-4806-8934-03111BCE6152}.Debug|Any CPU.Deploy.0 = Debug
		{9B5E479C-389A-4806-8934-03111BCE6152}.DebugLocal|Any CPU.ActiveCfg = DebugLocal
		{9B5E479C-389A-4806-8934-03111BCE6152}.DebugLocal|Any CPU.Build.0 = DebugLocal
		{9B5E479C-389A-4806-8934-03111BCE6152}.Release|Any CPU.ActiveCfg = Release
		{9B5E479C-389A-4806-8934-03111BCE6152}.Release|Any CPU.Build.0 = Release
		{9B5E479C-389A-4806-8934-03111BCE6152}.Release|Any CPU.Deploy.0 = Release
	EndGlobalSection
	GlobalSection(SolutionProperties) = preSolution
		HideSolutionNode = FALSE
	EndGlobalSection
	GlobalSection(ExtensibilityGlobals) = postSolution
		SolutionGuid = {1423B6ED-29C2-4C89-B687-04195E8DA738}
	EndGlobalSection
EndGlobal
